// !$*UTF8*$!
{
	archiveVersion = 1;
	classes = {
	};
	objectVersion = 46;
	objects = {

/* Begin PBXBuildFile section */
		3DCAEFDD162D893A0036D9BF /* libz.dylib in Frameworks */ = {isa = PBXBuildFile; fileRef = DDC92A8912618B050012DE28 /* libz.dylib */; };
		3DCAEFE6162D8BDE0036D9BF /* Foundation.framework in Frameworks */ = {isa = PBXBuildFile; fileRef = 3DCAEFE5162D8BDE0036D9BF /* Foundation.framework */; };
		3DCAF01C162D9C520036D9BF /* magic.mgc in Resources */ = {isa = PBXBuildFile; fileRef = 3DCAF01B162D9C520036D9BF /* magic.mgc */; };
		5F4F51871551FFD300248063 /* GEMagicResult.m in Sources */ = {isa = PBXBuildFile; fileRef = DD610A1E1271094B003CF804 /* GEMagicResult.m */; };
		8DC2EF530486A6940098B216 /* InfoPlist.strings in Resources */ = {isa = PBXBuildFile; fileRef = 089C1666FE841158C02AAC07 /* InfoPlist.strings */; };
		DD2BBE3D1262DBD3001B55D4 /* CoreServices.framework in Frameworks */ = {isa = PBXBuildFile; fileRef = DD2BBE3C1262DBD3001B55D4 /* CoreServices.framework */; };
		DD610A1F1271094B003CF804 /* GEMagicResult.h in Headers */ = {isa = PBXBuildFile; fileRef = DD610A1D1271094B003CF804 /* GEMagicResult.h */; settings = {ATTRIBUTES = (Public, ); }; };
		DD610A201271094B003CF804 /* GEMagicResult.m in Sources */ = {isa = PBXBuildFile; fileRef = DD610A1E1271094B003CF804 /* GEMagicResult.m */; };
		DD610A2712710A45003CF804 /* MagicKitPrivate.h in Headers */ = {isa = PBXBuildFile; fileRef = DD610A2612710A45003CF804 /* MagicKitPrivate.h */; };
		DD610A4512710B7B003CF804 /* MobileCoreServices.framework in Frameworks */ = {isa = PBXBuildFile; fileRef = DD610A4412710B7B003CF804 /* MobileCoreServices.framework */; };
		DD610A6712710C90003CF804 /* MagicKit.h in Headers */ = {isa = PBXBuildFile; fileRef = DD610A6612710C90003CF804 /* MagicKit.h */; settings = {ATTRIBUTES = (Public, ); }; };
		DD610A6812710C90003CF804 /* MagicKit.h in Headers */ = {isa = PBXBuildFile; fileRef = DD610A6612710C90003CF804 /* MagicKit.h */; };
		DDC9299A126187080012DE28 /* apprentice.c in Sources */ = {isa = PBXBuildFile; fileRef = DDC92978126187080012DE28 /* apprentice.c */; };
		DDC9299B126187080012DE28 /* apptype.c in Sources */ = {isa = PBXBuildFile; fileRef = DDC92979126187080012DE28 /* apptype.c */; };
		DDC9299C126187080012DE28 /* ascmagic.c in Sources */ = {isa = PBXBuildFile; fileRef = DDC9297A126187080012DE28 /* ascmagic.c */; };
		DDC9299D126187080012DE28 /* asprintf.c in Sources */ = {isa = PBXBuildFile; fileRef = DDC9297B126187080012DE28 /* asprintf.c */; };
		DDC9299E126187080012DE28 /* cdf_time.c in Sources */ = {isa = PBXBuildFile; fileRef = DDC9297C126187080012DE28 /* cdf_time.c */; };
		DDC9299F126187080012DE28 /* cdf.c in Sources */ = {isa = PBXBuildFile; fileRef = DDC9297D126187080012DE28 /* cdf.c */; };
		DDC929A0126187080012DE28 /* cdf.h in Headers */ = {isa = PBXBuildFile; fileRef = DDC9297E126187080012DE28 /* cdf.h */; };
		DDC929A1126187080012DE28 /* compress.c in Sources */ = {isa = PBXBuildFile; fileRef = DDC9297F126187080012DE28 /* compress.c */; };
		DDC929A2126187080012DE28 /* elfclass.h in Headers */ = {isa = PBXBuildFile; fileRef = DDC92980126187080012DE28 /* elfclass.h */; };
		DDC929A3126187080012DE28 /* encoding.c in Sources */ = {isa = PBXBuildFile; fileRef = DDC92981126187080012DE28 /* encoding.c */; };
		DDC929A4126187080012DE28 /* file_opts.h in Headers */ = {isa = PBXBuildFile; fileRef = DDC92982126187080012DE28 /* file_opts.h */; };
		DDC929A6126187080012DE28 /* file.h in Headers */ = {isa = PBXBuildFile; fileRef = DDC92984126187080012DE28 /* file.h */; };
		DDC929A7126187080012DE28 /* fsmagic.c in Sources */ = {isa = PBXBuildFile; fileRef = DDC92985126187080012DE28 /* fsmagic.c */; };
		DDC929A8126187080012DE28 /* funcs.c in Sources */ = {isa = PBXBuildFile; fileRef = DDC92986126187080012DE28 /* funcs.c */; };
		DDC929A9126187080012DE28 /* getopt_long.c in Sources */ = {isa = PBXBuildFile; fileRef = DDC92987126187080012DE28 /* getopt_long.c */; };
		DDC929AA126187080012DE28 /* is_tar.c in Sources */ = {isa = PBXBuildFile; fileRef = DDC92988126187080012DE28 /* is_tar.c */; };
		DDC929AB126187080012DE28 /* magic.c in Sources */ = {isa = PBXBuildFile; fileRef = DDC92989126187080012DE28 /* magic.c */; };
		DDC929AC126187080012DE28 /* magic.h in Headers */ = {isa = PBXBuildFile; fileRef = DDC9298A126187080012DE28 /* magic.h */; };
		DDC929AF126187080012DE28 /* mygetopt.h in Headers */ = {isa = PBXBuildFile; fileRef = DDC9298D126187080012DE28 /* mygetopt.h */; };
		DDC929B2126187080012DE28 /* print.c in Sources */ = {isa = PBXBuildFile; fileRef = DDC92990126187080012DE28 /* print.c */; };
		DDC929B3126187080012DE28 /* readcdf.c in Sources */ = {isa = PBXBuildFile; fileRef = DDC92991126187080012DE28 /* readcdf.c */; };
		DDC929B4126187080012DE28 /* readelf.c in Sources */ = {isa = PBXBuildFile; fileRef = DDC92992126187080012DE28 /* readelf.c */; };
		DDC929B5126187080012DE28 /* readelf.h in Headers */ = {isa = PBXBuildFile; fileRef = DDC92993126187080012DE28 /* readelf.h */; };
		DDC929B7126187080012DE28 /* softmagic.c in Sources */ = {isa = PBXBuildFile; fileRef = DDC92995126187080012DE28 /* softmagic.c */; };
		DDC929B8126187080012DE28 /* strlcat.c in Sources */ = {isa = PBXBuildFile; fileRef = DDC92996126187080012DE28 /* strlcat.c */; };
		DDC929B9126187080012DE28 /* strlcpy.c in Sources */ = {isa = PBXBuildFile; fileRef = DDC92997126187080012DE28 /* strlcpy.c */; };
		DDC929BA126187080012DE28 /* tar.h in Headers */ = {isa = PBXBuildFile; fileRef = DDC92998126187080012DE28 /* tar.h */; };
		DDC929BB126187080012DE28 /* vasprintf.c in Sources */ = {isa = PBXBuildFile; fileRef = DDC92999126187080012DE28 /* vasprintf.c */; };
		DDC929BD1261872F0012DE28 /* config.h in Headers */ = {isa = PBXBuildFile; fileRef = DDC929BC1261872F0012DE28 /* config.h */; };
		DDC929DB126187CE0012DE28 /* Foundation.framework in Frameworks */ = {isa = PBXBuildFile; fileRef = 0867D69BFE84028FC02AAC07 /* Foundation.framework */; };
		DDC929DF126187DA0012DE28 /* GEMagicKit.h in Headers */ = {isa = PBXBuildFile; fileRef = DDC929DE126187DA0012DE28 /* GEMagicKit.h */; settings = {ATTRIBUTES = (Public, ); }; };
		DDC92A8812618B050012DE28 /* Foundation.framework in Frameworks */ = {isa = PBXBuildFile; fileRef = DDC92A8712618B050012DE28 /* Foundation.framework */; };
		DDC92A8A12618B050012DE28 /* libz.dylib in Frameworks */ = {isa = PBXBuildFile; fileRef = DDC92A8912618B050012DE28 /* libz.dylib */; };
		DDC92B1212618B3D0012DE28 /* readelf.c in Sources */ = {isa = PBXBuildFile; fileRef = DDC92992126187080012DE28 /* readelf.c */; };
		DDC92B1312618B3D0012DE28 /* asprintf.c in Sources */ = {isa = PBXBuildFile; fileRef = DDC9297B126187080012DE28 /* asprintf.c */; };
		DDC92B1412618B3D0012DE28 /* compress.c in Sources */ = {isa = PBXBuildFile; fileRef = DDC9297F126187080012DE28 /* compress.c */; };
		DDC92B1612618B3D0012DE28 /* file.c in Sources */ = {isa = PBXBuildFile; fileRef = DDC92983126187080012DE28 /* file.c */; };
		DDC92B1812618B3D0012DE28 /* strlcpy.c in Sources */ = {isa = PBXBuildFile; fileRef = DDC92997126187080012DE28 /* strlcpy.c */; };
		DDC92B1B12618B3D0012DE28 /* magic.c in Sources */ = {isa = PBXBuildFile; fileRef = DDC92989126187080012DE28 /* magic.c */; };
		DDC92B1C12618B3D0012DE28 /* cdf_time.c in Sources */ = {isa = PBXBuildFile; fileRef = DDC9297C126187080012DE28 /* cdf_time.c */; };
		DDC92B1D12618B3D0012DE28 /* strlcat.c in Sources */ = {isa = PBXBuildFile; fileRef = DDC92996126187080012DE28 /* strlcat.c */; };
		DDC92B1E12618B3D0012DE28 /* cdf.c in Sources */ = {isa = PBXBuildFile; fileRef = DDC9297D126187080012DE28 /* cdf.c */; };
		DDC92B2212618B3D0012DE28 /* softmagic.c in Sources */ = {isa = PBXBuildFile; fileRef = DDC92995126187080012DE28 /* softmagic.c */; };
		DDC92B2312618B3D0012DE28 /* print.c in Sources */ = {isa = PBXBuildFile; fileRef = DDC92990126187080012DE28 /* print.c */; };
		DDC92B2412618B3D0012DE28 /* encoding.c in Sources */ = {isa = PBXBuildFile; fileRef = DDC92981126187080012DE28 /* encoding.c */; };
		DDC92B2512618B3D0012DE28 /* ascmagic.c in Sources */ = {isa = PBXBuildFile; fileRef = DDC9297A126187080012DE28 /* ascmagic.c */; };
		DDC92B2612618B3D0012DE28 /* apprentice.c in Sources */ = {isa = PBXBuildFile; fileRef = DDC92978126187080012DE28 /* apprentice.c */; };
		DDC92B2712618B3D0012DE28 /* apptype.c in Sources */ = {isa = PBXBuildFile; fileRef = DDC92979126187080012DE28 /* apptype.c */; };
		DDC92B2912618B3D0012DE28 /* getopt_long.c in Sources */ = {isa = PBXBuildFile; fileRef = DDC92987126187080012DE28 /* getopt_long.c */; };
		DDC92B2B12618B3D0012DE28 /* readcdf.c in Sources */ = {isa = PBXBuildFile; fileRef = DDC92991126187080012DE28 /* readcdf.c */; };
		DDC92B2D12618B3D0012DE28 /* is_tar.c in Sources */ = {isa = PBXBuildFile; fileRef = DDC92988126187080012DE28 /* is_tar.c */; };
		DDC92B2E12618B3D0012DE28 /* vasprintf.c in Sources */ = {isa = PBXBuildFile; fileRef = DDC92999126187080012DE28 /* vasprintf.c */; };
		DDC92B2F12618B3D0012DE28 /* funcs.c in Sources */ = {isa = PBXBuildFile; fileRef = DDC92986126187080012DE28 /* funcs.c */; };
		DDC92B3012618B3D0012DE28 /* fsmagic.c in Sources */ = {isa = PBXBuildFile; fileRef = DDC92985126187080012DE28 /* fsmagic.c */; };
		DDC92B4B12618BEE0012DE28 /* GEMagicKit.h in Headers */ = {isa = PBXBuildFile; fileRef = DDC929DE126187DA0012DE28 /* GEMagicKit.h */; settings = {ATTRIBUTES = (Public, ); }; };
		DDC92B6F12618E120012DE28 /* GEMagicKit.m in Sources */ = {isa = PBXBuildFile; fileRef = DDC92B6E12618E120012DE28 /* GEMagicKit.m */; };
		DDC92B7012618E120012DE28 /* GEMagicKit.m in Sources */ = {isa = PBXBuildFile; fileRef = DDC92B6E12618E120012DE28 /* GEMagicKit.m */; };
		DDC92C4212619DB10012DE28 /* MagicKit.framework in Frameworks */ = {isa = PBXBuildFile; fileRef = 8DC2EF5B0486A6940098B216 /* MagicKit.framework */; };
		DDC92C5A12619EBC0012DE28 /* main.m in Sources */ = {isa = PBXBuildFile; fileRef = DDC92C5912619EBC0012DE28 /* main.m */; };
		DDC92C5E1261A07F0012DE28 /* LICENCE in Resources */ = {isa = PBXBuildFile; fileRef = DDC92C5D1261A07F0012DE28 /* LICENCE */; };
/* End PBXBuildFile section */

/* Begin PBXContainerItemProxy section */
		DDC92C0E12619C430012DE28 /* PBXContainerItemProxy */ = {
			isa = PBXContainerItemProxy;
			containerPortal = 0867D690FE84028FC02AAC07 /* Project object */;
			proxyType = 1;
			remoteGlobalIDString = 8DC2EF4F0486A6940098B216;
			remoteInfo = MagicKit;
		};
/* End PBXContainerItemProxy section */

/* Begin PBXFileReference section */
		0867D69BFE84028FC02AAC07 /* Foundation.framework */ = {isa = PBXFileReference; lastKnownFileType = wrapper.framework; name = Foundation.framework; path = /System/Library/Frameworks/Foundation.framework; sourceTree = "<absolute>"; };
		089C1667FE841158C02AAC07 /* English */ = {isa = PBXFileReference; fileEncoding = 4; lastKnownFileType = text.plist.strings; name = English; path = English.lproj/InfoPlist.strings; sourceTree = "<group>"; };
		1058C7B1FEA5585E11CA2CBB /* Cocoa.framework */ = {isa = PBXFileReference; lastKnownFileType = wrapper.framework; name = Cocoa.framework; path = /System/Library/Frameworks/Cocoa.framework; sourceTree = "<absolute>"; };
		32DBCF5E0370ADEE00C91783 /* MagicKit_Prefix.pch */ = {isa = PBXFileReference; fileEncoding = 4; lastKnownFileType = sourcecode.c.h; path = MagicKit_Prefix.pch; sourceTree = "<group>"; };
		3DCAEFE5162D8BDE0036D9BF /* Foundation.framework */ = {isa = PBXFileReference; lastKnownFileType = wrapper.framework; name = Foundation.framework; path = System/Library/Frameworks/Foundation.framework; sourceTree = SDKROOT; };
		3DCAEFF4162D8C950036D9BF /* MagicKitTest-Prefix.pch */ = {isa = PBXFileReference; lastKnownFileType = sourcecode.c.h; name = "MagicKitTest-Prefix.pch"; path = "MagicKitTest/MagicKitTest-Prefix.pch"; sourceTree = "<group>"; };
		3DCAF01B162D9C520036D9BF /* magic.mgc */ = {isa = PBXFileReference; lastKnownFileType = file; path = magic.mgc; sourceTree = "<group>"; };
		8DC2EF5A0486A6940098B216 /* Info.plist */ = {isa = PBXFileReference; fileEncoding = 4; lastKnownFileType = text.plist.xml; path = Info.plist; sourceTree = "<group>"; };
		8DC2EF5B0486A6940098B216 /* MagicKit.framework */ = {isa = PBXFileReference; explicitFileType = wrapper.framework; includeInIndex = 0; path = MagicKit.framework; sourceTree = BUILT_PRODUCTS_DIR; };
		DD2BBE3C1262DBD3001B55D4 /* CoreServices.framework */ = {isa = PBXFileReference; lastKnownFileType = wrapper.framework; name = CoreServices.framework; path = System/Library/Frameworks/CoreServices.framework; sourceTree = SDKROOT; };
		DD610A1D1271094B003CF804 /* GEMagicResult.h */ = {isa = PBXFileReference; fileEncoding = 4; lastKnownFileType = sourcecode.c.h; path = GEMagicResult.h; sourceTree = "<group>"; };
		DD610A1E1271094B003CF804 /* GEMagicResult.m */ = {isa = PBXFileReference; fileEncoding = 4; lastKnownFileType = sourcecode.c.objc; path = GEMagicResult.m; sourceTree = "<group>"; };
		DD610A2612710A45003CF804 /* MagicKitPrivate.h */ = {isa = PBXFileReference; fileEncoding = 4; lastKnownFileType = sourcecode.c.h; path = MagicKitPrivate.h; sourceTree = "<group>"; };
		DD610A4412710B7B003CF804 /* MobileCoreServices.framework */ = {isa = PBXFileReference; lastKnownFileType = wrapper.framework; name = MobileCoreServices.framework; path = Applications/Xcode.app/Contents/Developer/Platforms/iPhoneOS.platform/Developer/SDKs/iPhoneOS5.1.sdk/System/Library/Frameworks/MobileCoreServices.framework; sourceTree = SDKROOT; };
		DD610A6612710C90003CF804 /* MagicKit.h */ = {isa = PBXFileReference; fileEncoding = 4; lastKnownFileType = sourcecode.c.h; path = MagicKit.h; sourceTree = "<group>"; };
		DDC92978126187080012DE28 /* apprentice.c */ = {isa = PBXFileReference; fileEncoding = 4; lastKnownFileType = sourcecode.c.c; name = apprentice.c; path = libmagic/apprentice.c; sourceTree = SOURCE_ROOT; };
		DDC92979126187080012DE28 /* apptype.c */ = {isa = PBXFileReference; fileEncoding = 4; lastKnownFileType = sourcecode.c.c; name = apptype.c; path = libmagic/apptype.c; sourceTree = SOURCE_ROOT; };
		DDC9297A126187080012DE28 /* ascmagic.c */ = {isa = PBXFileReference; fileEncoding = 4; lastKnownFileType = sourcecode.c.c; name = ascmagic.c; path = libmagic/ascmagic.c; sourceTree = SOURCE_ROOT; };
		DDC9297B126187080012DE28 /* asprintf.c */ = {isa = PBXFileReference; fileEncoding = 4; lastKnownFileType = sourcecode.c.c; name = asprintf.c; path = libmagic/asprintf.c; sourceTree = SOURCE_ROOT; };
		DDC9297C126187080012DE28 /* cdf_time.c */ = {isa = PBXFileReference; fileEncoding = 4; lastKnownFileType = sourcecode.c.c; name = cdf_time.c; path = libmagic/cdf_time.c; sourceTree = SOURCE_ROOT; };
		DDC9297D126187080012DE28 /* cdf.c */ = {isa = PBXFileReference; fileEncoding = 4; lastKnownFileType = sourcecode.c.c; name = cdf.c; path = libmagic/cdf.c; sourceTree = SOURCE_ROOT; };
		DDC9297E126187080012DE28 /* cdf.h */ = {isa = PBXFileReference; fileEncoding = 4; lastKnownFileType = sourcecode.c.h; name = cdf.h; path = libmagic/cdf.h; sourceTree = SOURCE_ROOT; };
		DDC9297F126187080012DE28 /* compress.c */ = {isa = PBXFileReference; fileEncoding = 4; lastKnownFileType = sourcecode.c.c; name = compress.c; path = libmagic/compress.c; sourceTree = SOURCE_ROOT; };
		DDC92980126187080012DE28 /* elfclass.h */ = {isa = PBXFileReference; fileEncoding = 4; lastKnownFileType = sourcecode.c.h; name = elfclass.h; path = libmagic/elfclass.h; sourceTree = SOURCE_ROOT; };
		DDC92981126187080012DE28 /* encoding.c */ = {isa = PBXFileReference; fileEncoding = 4; lastKnownFileType = sourcecode.c.c; name = encoding.c; path = libmagic/encoding.c; sourceTree = SOURCE_ROOT; };
		DDC92982126187080012DE28 /* file_opts.h */ = {isa = PBXFileReference; fileEncoding = 4; lastKnownFileType = sourcecode.c.h; name = file_opts.h; path = libmagic/file_opts.h; sourceTree = SOURCE_ROOT; };
		DDC92983126187080012DE28 /* file.c */ = {isa = PBXFileReference; fileEncoding = 4; lastKnownFileType = sourcecode.c.c; name = file.c; path = libmagic/file.c; sourceTree = SOURCE_ROOT; };
		DDC92984126187080012DE28 /* file.h */ = {isa = PBXFileReference; fileEncoding = 4; lastKnownFileType = sourcecode.c.h; name = file.h; path = libmagic/file.h; sourceTree = SOURCE_ROOT; };
		DDC92985126187080012DE28 /* fsmagic.c */ = {isa = PBXFileReference; fileEncoding = 4; lastKnownFileType = sourcecode.c.c; name = fsmagic.c; path = libmagic/fsmagic.c; sourceTree = SOURCE_ROOT; };
		DDC92986126187080012DE28 /* funcs.c */ = {isa = PBXFileReference; fileEncoding = 4; lastKnownFileType = sourcecode.c.c; name = funcs.c; path = libmagic/funcs.c; sourceTree = SOURCE_ROOT; };
		DDC92987126187080012DE28 /* getopt_long.c */ = {isa = PBXFileReference; fileEncoding = 4; lastKnownFileType = sourcecode.c.c; name = getopt_long.c; path = libmagic/getopt_long.c; sourceTree = SOURCE_ROOT; };
		DDC92988126187080012DE28 /* is_tar.c */ = {isa = PBXFileReference; fileEncoding = 4; lastKnownFileType = sourcecode.c.c; name = is_tar.c; path = libmagic/is_tar.c; sourceTree = SOURCE_ROOT; };
		DDC92989126187080012DE28 /* magic.c */ = {isa = PBXFileReference; fileEncoding = 4; lastKnownFileType = sourcecode.c.c; name = magic.c; path = libmagic/magic.c; sourceTree = SOURCE_ROOT; };
		DDC9298A126187080012DE28 /* magic.h */ = {isa = PBXFileReference; fileEncoding = 4; lastKnownFileType = sourcecode.c.h; name = magic.h; path = libmagic/magic.h; sourceTree = SOURCE_ROOT; };
		DDC9298D126187080012DE28 /* mygetopt.h */ = {isa = PBXFileReference; fileEncoding = 4; lastKnownFileType = sourcecode.c.h; name = mygetopt.h; path = libmagic/mygetopt.h; sourceTree = SOURCE_ROOT; };
		DDC92990126187080012DE28 /* print.c */ = {isa = PBXFileReference; fileEncoding = 4; lastKnownFileType = sourcecode.c.c; name = print.c; path = libmagic/print.c; sourceTree = SOURCE_ROOT; };
		DDC92991126187080012DE28 /* readcdf.c */ = {isa = PBXFileReference; fileEncoding = 4; lastKnownFileType = sourcecode.c.c; name = readcdf.c; path = libmagic/readcdf.c; sourceTree = SOURCE_ROOT; };
		DDC92992126187080012DE28 /* readelf.c */ = {isa = PBXFileReference; fileEncoding = 4; lastKnownFileType = sourcecode.c.c; name = readelf.c; path = libmagic/readelf.c; sourceTree = SOURCE_ROOT; };
		DDC92993126187080012DE28 /* readelf.h */ = {isa = PBXFileReference; fileEncoding = 4; lastKnownFileType = sourcecode.c.h; name = readelf.h; path = libmagic/readelf.h; sourceTree = SOURCE_ROOT; };
		DDC92995126187080012DE28 /* softmagic.c */ = {isa = PBXFileReference; fileEncoding = 4; lastKnownFileType = sourcecode.c.c; name = softmagic.c; path = libmagic/softmagic.c; sourceTree = SOURCE_ROOT; };
		DDC92996126187080012DE28 /* strlcat.c */ = {isa = PBXFileReference; fileEncoding = 4; lastKnownFileType = sourcecode.c.c; name = strlcat.c; path = libmagic/strlcat.c; sourceTree = SOURCE_ROOT; };
		DDC92997126187080012DE28 /* strlcpy.c */ = {isa = PBXFileReference; fileEncoding = 4; lastKnownFileType = sourcecode.c.c; name = strlcpy.c; path = libmagic/strlcpy.c; sourceTree = SOURCE_ROOT; };
		DDC92998126187080012DE28 /* tar.h */ = {isa = PBXFileReference; fileEncoding = 4; lastKnownFileType = sourcecode.c.h; name = tar.h; path = libmagic/tar.h; sourceTree = SOURCE_ROOT; };
		DDC92999126187080012DE28 /* vasprintf.c */ = {isa = PBXFileReference; fileEncoding = 4; lastKnownFileType = sourcecode.c.c; name = vasprintf.c; path = libmagic/vasprintf.c; sourceTree = SOURCE_ROOT; };
		DDC929BC1261872F0012DE28 /* config.h */ = {isa = PBXFileReference; fileEncoding = 4; lastKnownFileType = sourcecode.c.h; path = config.h; sourceTree = "<group>"; };
		DDC929C0126187420012DE28 /* libz.1.1.3.dylib */ = {isa = PBXFileReference; lastKnownFileType = "compiled.mach-o.dylib"; name = libz.1.1.3.dylib; path = usr/lib/libz.1.1.3.dylib; sourceTree = SDKROOT; };
		DDC929DE126187DA0012DE28 /* GEMagicKit.h */ = {isa = PBXFileReference; fileEncoding = 4; lastKnownFileType = sourcecode.c.h; path = GEMagicKit.h; sourceTree = "<group>"; };
		DDC92A8412618AE90012DE28 /* libMagicKit-iOS.a */ = {isa = PBXFileReference; explicitFileType = archive.ar; includeInIndex = 0; path = "libMagicKit-iOS.a"; sourceTree = BUILT_PRODUCTS_DIR; };
		DDC92A8712618B050012DE28 /* Foundation.framework */ = {isa = PBXFileReference; lastKnownFileType = wrapper.framework; name = Foundation.framework; path = System/Library/Frameworks/Foundation.framework; sourceTree = SDKROOT; };
		DDC92A8912618B050012DE28 /* libz.dylib */ = {isa = PBXFileReference; lastKnownFileType = "compiled.mach-o.dylib"; name = libz.dylib; path = usr/lib/libz.dylib; sourceTree = SDKROOT; };
		DDC92B6E12618E120012DE28 /* GEMagicKit.m */ = {isa = PBXFileReference; fileEncoding = 4; lastKnownFileType = sourcecode.c.objc; path = GEMagicKit.m; sourceTree = "<group>"; };
		DDC92C0512619C1E0012DE28 /* MagicKitTest */ = {isa = PBXFileReference; explicitFileType = "compiled.mach-o.executable"; includeInIndex = 0; path = MagicKitTest; sourceTree = BUILT_PRODUCTS_DIR; };
		DDC92C5912619EBC0012DE28 /* main.m */ = {isa = PBXFileReference; fileEncoding = 4; lastKnownFileType = sourcecode.c.objc; name = main.m; path = MagicKitTest/main.m; sourceTree = SOURCE_ROOT; };
		DDC92C5D1261A07F0012DE28 /* LICENCE */ = {isa = PBXFileReference; fileEncoding = 4; lastKnownFileType = text; path = LICENCE; sourceTree = "<group>"; };
		DDC92C6E1261A2640012DE28 /* README.markdown */ = {isa = PBXFileReference; fileEncoding = 4; lastKnownFileType = text; path = README.markdown; sourceTree = "<group>"; };
/* End PBXFileReference section */

/* Begin PBXFrameworksBuildPhase section */
		3DCAEFDF162D8BDE0036D9BF /* Frameworks */ = {
			isa = PBXFrameworksBuildPhase;
			buildActionMask = 2147483647;
			files = (
				DDC92C4212619DB10012DE28 /* MagicKit.framework in Frameworks */,
				3DCAEFE6162D8BDE0036D9BF /* Foundation.framework in Frameworks */,
			);
			runOnlyForDeploymentPostprocessing = 0;
		};
		8DC2EF560486A6940098B216 /* Frameworks */ = {
			isa = PBXFrameworksBuildPhase;
			buildActionMask = 2147483647;
			files = (
				3DCAEFDD162D893A0036D9BF /* libz.dylib in Frameworks */,
				DDC929DB126187CE0012DE28 /* Foundation.framework in Frameworks */,
				DD2BBE3D1262DBD3001B55D4 /* CoreServices.framework in Frameworks */,
			);
			runOnlyForDeploymentPostprocessing = 0;
		};
		DDC92A8212618AE90012DE28 /* Frameworks */ = {
			isa = PBXFrameworksBuildPhase;
			buildActionMask = 2147483647;
			files = (
				DDC92A8812618B050012DE28 /* Foundation.framework in Frameworks */,
				DDC92A8A12618B050012DE28 /* libz.dylib in Frameworks */,
				DD610A4512710B7B003CF804 /* MobileCoreServices.framework in Frameworks */,
			);
			runOnlyForDeploymentPostprocessing = 0;
		};
/* End PBXFrameworksBuildPhase section */

/* Begin PBXGroup section */
		034768DFFF38A50411DB9C8B /* Products */ = {
			isa = PBXGroup;
			children = (
				8DC2EF5B0486A6940098B216 /* MagicKit.framework */,
				DDC92A8412618AE90012DE28 /* libMagicKit-iOS.a */,
				DDC92C0512619C1E0012DE28 /* MagicKitTest */,
			);
			name = Products;
			sourceTree = "<group>";
		};
		0867D691FE84028FC02AAC07 /* MagicKit */ = {
			isa = PBXGroup;
			children = (
				08FB77AEFE84172EC02AAC07 /* Classes */,
				32C88DFF0371C24200C91783 /* Other Sources */,
				089C1665FE841158C02AAC07 /* Resources */,
				0867D69AFE84028FC02AAC07 /* External Frameworks and Libraries */,
				3DCAEFE4162D8BDE0036D9BF /* Frameworks */,
				034768DFFF38A50411DB9C8B /* Products */,
			);
			name = MagicKit;
			sourceTree = "<group>";
		};
		0867D69AFE84028FC02AAC07 /* External Frameworks and Libraries */ = {
			isa = PBXGroup;
			children = (
				1058C7B0FEA5585E11CA2CBB /* Linked Frameworks */,
				1058C7B2FEA5585E11CA2CBB /* Other Frameworks */,
			);
			name = "External Frameworks and Libraries";
			sourceTree = "<group>";
		};
		089C1665FE841158C02AAC07 /* Resources */ = {
			isa = PBXGroup;
			children = (
				8DC2EF5A0486A6940098B216 /* Info.plist */,
				089C1666FE841158C02AAC07 /* InfoPlist.strings */,
				DDC92C5D1261A07F0012DE28 /* LICENCE */,
				DDC92C6E1261A2640012DE28 /* README.markdown */,
			);
			name = Resources;
			sourceTree = "<group>";
		};
		08FB77AEFE84172EC02AAC07 /* Classes */ = {
			isa = PBXGroup;
			children = (
				DD610A6612710C90003CF804 /* MagicKit.h */,
				DD610A2612710A45003CF804 /* MagicKitPrivate.h */,
				DDC92C1712619C640012DE28 /* MagicKit */,
				DDC92977126186FD0012DE28 /* libmagic */,
				DDC92C1912619C6A0012DE28 /* MagicKit Test */,
			);
			name = Classes;
			sourceTree = "<group>";
		};
		1058C7B0FEA5585E11CA2CBB /* Linked Frameworks */ = {
			isa = PBXGroup;
			children = (
				DD610A4412710B7B003CF804 /* MobileCoreServices.framework */,
				DD2BBE3C1262DBD3001B55D4 /* CoreServices.framework */,
				DDC929C0126187420012DE28 /* libz.1.1.3.dylib */,
				DDC92A8712618B050012DE28 /* Foundation.framework */,
				DDC92A8912618B050012DE28 /* libz.dylib */,
				1058C7B1FEA5585E11CA2CBB /* Cocoa.framework */,
			);
			name = "Linked Frameworks";
			sourceTree = "<group>";
		};
		1058C7B2FEA5585E11CA2CBB /* Other Frameworks */ = {
			isa = PBXGroup;
			children = (
				0867D69BFE84028FC02AAC07 /* Foundation.framework */,
			);
			name = "Other Frameworks";
			sourceTree = "<group>";
		};
		32C88DFF0371C24200C91783 /* Other Sources */ = {
			isa = PBXGroup;
			children = (
				32DBCF5E0370ADEE00C91783 /* MagicKit_Prefix.pch */,
			);
			name = "Other Sources";
			sourceTree = "<group>";
		};
		3DCAEFE4162D8BDE0036D9BF /* Frameworks */ = {
			isa = PBXGroup;
			children = (
				3DCAEFE5162D8BDE0036D9BF /* Foundation.framework */,
			);
			name = Frameworks;
			sourceTree = "<group>";
		};
		DDC92977126186FD0012DE28 /* libmagic */ = {
			isa = PBXGroup;
			children = (
				3DCAF01B162D9C520036D9BF /* magic.mgc */,
				DDC929BC1261872F0012DE28 /* config.h */,
				DDC92978126187080012DE28 /* apprentice.c */,
				DDC92979126187080012DE28 /* apptype.c */,
				DDC9297A126187080012DE28 /* ascmagic.c */,
				DDC9297B126187080012DE28 /* asprintf.c */,
				DDC9297C126187080012DE28 /* cdf_time.c */,
				DDC9297D126187080012DE28 /* cdf.c */,
				DDC9297E126187080012DE28 /* cdf.h */,
				DDC9297F126187080012DE28 /* compress.c */,
				DDC92980126187080012DE28 /* elfclass.h */,
				DDC92981126187080012DE28 /* encoding.c */,
				DDC92982126187080012DE28 /* file_opts.h */,
				DDC92983126187080012DE28 /* file.c */,
				DDC92984126187080012DE28 /* file.h */,
				DDC92985126187080012DE28 /* fsmagic.c */,
				DDC92986126187080012DE28 /* funcs.c */,
				DDC92987126187080012DE28 /* getopt_long.c */,
				DDC92988126187080012DE28 /* is_tar.c */,
				DDC92989126187080012DE28 /* magic.c */,
				DDC9298A126187080012DE28 /* magic.h */,
				DDC9298D126187080012DE28 /* mygetopt.h */,
				DDC92990126187080012DE28 /* print.c */,
				DDC92991126187080012DE28 /* readcdf.c */,
				DDC92992126187080012DE28 /* readelf.c */,
				DDC92993126187080012DE28 /* readelf.h */,
				DDC92995126187080012DE28 /* softmagic.c */,
				DDC92996126187080012DE28 /* strlcat.c */,
				DDC92997126187080012DE28 /* strlcpy.c */,
				DDC92998126187080012DE28 /* tar.h */,
				DDC92999126187080012DE28 /* vasprintf.c */,
			);
			name = libmagic;
			sourceTree = "<group>";
		};
		DDC92C1712619C640012DE28 /* MagicKit */ = {
			isa = PBXGroup;
			children = (
				DDC929DE126187DA0012DE28 /* GEMagicKit.h */,
				DDC92B6E12618E120012DE28 /* GEMagicKit.m */,
				DD610A1D1271094B003CF804 /* GEMagicResult.h */,
				DD610A1E1271094B003CF804 /* GEMagicResult.m */,
			);
			name = MagicKit;
			sourceTree = "<group>";
		};
		DDC92C1912619C6A0012DE28 /* MagicKit Test */ = {
			isa = PBXGroup;
			children = (
				3DCAEFF4162D8C950036D9BF /* MagicKitTest-Prefix.pch */,
				DDC92C5912619EBC0012DE28 /* main.m */,
			);
			name = "MagicKit Test";
			sourceTree = "<group>";
		};
/* End PBXGroup section */

/* Begin PBXHeadersBuildPhase section */
		8DC2EF500486A6940098B216 /* Headers */ = {
			isa = PBXHeadersBuildPhase;
			buildActionMask = 2147483647;
			files = (
				DDC929A0126187080012DE28 /* cdf.h in Headers */,
				DDC929A2126187080012DE28 /* elfclass.h in Headers */,
				DDC929A4126187080012DE28 /* file_opts.h in Headers */,
				DDC929A6126187080012DE28 /* file.h in Headers */,
				DDC929AC126187080012DE28 /* magic.h in Headers */,
				DDC929AF126187080012DE28 /* mygetopt.h in Headers */,
				DDC929B5126187080012DE28 /* readelf.h in Headers */,
				DDC929BA126187080012DE28 /* tar.h in Headers */,
				DDC929BD1261872F0012DE28 /* config.h in Headers */,
				DDC929DF126187DA0012DE28 /* GEMagicKit.h in Headers */,
				DD610A1F1271094B003CF804 /* GEMagicResult.h in Headers */,
				DD610A2712710A45003CF804 /* MagicKitPrivate.h in Headers */,
				DD610A6712710C90003CF804 /* MagicKit.h in Headers */,
			);
			runOnlyForDeploymentPostprocessing = 0;
		};
		DDC92A8012618AE90012DE28 /* Headers */ = {
			isa = PBXHeadersBuildPhase;
			buildActionMask = 2147483647;
			files = (
				DDC92B4B12618BEE0012DE28 /* GEMagicKit.h in Headers */,
				DD610A6812710C90003CF804 /* MagicKit.h in Headers */,
			);
			runOnlyForDeploymentPostprocessing = 0;
		};
/* End PBXHeadersBuildPhase section */

/* Begin PBXNativeTarget section */
		3DCAEFE1162D8BDE0036D9BF /* MagicKitTest */ = {
			isa = PBXNativeTarget;
			buildConfigurationList = 3DCAEFEE162D8BDE0036D9BF /* Build configuration list for PBXNativeTarget "MagicKitTest" */;
			buildPhases = (
				3DCAEFDE162D8BDE0036D9BF /* Sources */,
				3DCAEFDF162D8BDE0036D9BF /* Frameworks */,
			);
			buildRules = (
			);
			dependencies = (
				3DCAEFF2162D8BF60036D9BF /* PBXTargetDependency */,
			);
			name = MagicKitTest;
			productName = MagicKitTest;
			productReference = DDC92C0512619C1E0012DE28 /* MagicKitTest */;
			productType = "com.apple.product-type.tool";
		};
		8DC2EF4F0486A6940098B216 /* MagicKit */ = {
			isa = PBXNativeTarget;
			buildConfigurationList = 1DEB91AD08733DA50010E9CD /* Build configuration list for PBXNativeTarget "MagicKit" */;
			buildPhases = (
				8DC2EF500486A6940098B216 /* Headers */,
				8DC2EF520486A6940098B216 /* Resources */,
				8DC2EF540486A6940098B216 /* Sources */,
				8DC2EF560486A6940098B216 /* Frameworks */,
			);
			buildRules = (
			);
			dependencies = (
			);
			name = MagicKit;
			productInstallPath = "$(HOME)/Library/Frameworks";
			productName = MagicKit;
			productReference = 8DC2EF5B0486A6940098B216 /* MagicKit.framework */;
			productType = "com.apple.product-type.framework";
		};
		DDC92A8312618AE90012DE28 /* MagicKit-iOS */ = {
			isa = PBXNativeTarget;
			buildConfigurationList = DDC92A8D12618B050012DE28 /* Build configuration list for PBXNativeTarget "MagicKit-iOS" */;
			buildPhases = (
				DDC92A8012618AE90012DE28 /* Headers */,
				DDC92A8112618AE90012DE28 /* Sources */,
				DDC92A8212618AE90012DE28 /* Frameworks */,
			);
			buildRules = (
			);
			dependencies = (
			);
			name = "MagicKit-iOS";
			productName = "MagicKit-iOS";
			productReference = DDC92A8412618AE90012DE28 /* libMagicKit-iOS.a */;
			productType = "com.apple.product-type.library.static";
		};
/* End PBXNativeTarget section */

/* Begin PBXProject section */
		0867D690FE84028FC02AAC07 /* Project object */ = {
			isa = PBXProject;
			attributes = {
				LastUpgradeCheck = 0450;
			};
			buildConfigurationList = 1DEB91B108733DA50010E9CD /* Build configuration list for PBXProject "MagicKit" */;
			compatibilityVersion = "Xcode 3.2";
			developmentRegion = English;
			hasScannedForEncodings = 1;
			knownRegions = (
				English,
				Japanese,
				French,
				German,
			);
			mainGroup = 0867D691FE84028FC02AAC07 /* MagicKit */;
			productRefGroup = 034768DFFF38A50411DB9C8B /* Products */;
			projectDirPath = "";
			projectRoot = "";
			targets = (
				8DC2EF4F0486A6940098B216 /* MagicKit */,
				DDC92A8312618AE90012DE28 /* MagicKit-iOS */,
				3DCAEFE1162D8BDE0036D9BF /* MagicKitTest */,
			);
		};
/* End PBXProject section */

/* Begin PBXResourcesBuildPhase section */
		8DC2EF520486A6940098B216 /* Resources */ = {
			isa = PBXResourcesBuildPhase;
			buildActionMask = 2147483647;
			files = (
				8DC2EF530486A6940098B216 /* InfoPlist.strings in Resources */,
				DDC92C5E1261A07F0012DE28 /* LICENCE in Resources */,
				3DCAF01C162D9C520036D9BF /* magic.mgc in Resources */,
			);
			runOnlyForDeploymentPostprocessing = 0;
		};
/* End PBXResourcesBuildPhase section */

/* Begin PBXSourcesBuildPhase section */
		3DCAEFDE162D8BDE0036D9BF /* Sources */ = {
			isa = PBXSourcesBuildPhase;
			buildActionMask = 2147483647;
			files = (
				DDC92C5A12619EBC0012DE28 /* main.m in Sources */,
			);
			runOnlyForDeploymentPostprocessing = 0;
		};
		8DC2EF540486A6940098B216 /* Sources */ = {
			isa = PBXSourcesBuildPhase;
			buildActionMask = 2147483647;
			files = (
				DDC9299A126187080012DE28 /* apprentice.c in Sources */,
				DDC9299B126187080012DE28 /* apptype.c in Sources */,
				DDC9299C126187080012DE28 /* ascmagic.c in Sources */,
				DDC9299D126187080012DE28 /* asprintf.c in Sources */,
				DDC9299E126187080012DE28 /* cdf_time.c in Sources */,
				DDC9299F126187080012DE28 /* cdf.c in Sources */,
				DDC929A1126187080012DE28 /* compress.c in Sources */,
				DDC929A3126187080012DE28 /* encoding.c in Sources */,
				DDC929A7126187080012DE28 /* fsmagic.c in Sources */,
				DDC929A8126187080012DE28 /* funcs.c in Sources */,
				DDC929A9126187080012DE28 /* getopt_long.c in Sources */,
				DDC929AA126187080012DE28 /* is_tar.c in Sources */,
				DDC929AB126187080012DE28 /* magic.c in Sources */,
				DDC929B2126187080012DE28 /* print.c in Sources */,
				DDC929B3126187080012DE28 /* readcdf.c in Sources */,
				DDC929B4126187080012DE28 /* readelf.c in Sources */,
				DDC929B7126187080012DE28 /* softmagic.c in Sources */,
				DDC929B8126187080012DE28 /* strlcat.c in Sources */,
				DDC929B9126187080012DE28 /* strlcpy.c in Sources */,
				DDC929BB126187080012DE28 /* vasprintf.c in Sources */,
				DDC92B6F12618E120012DE28 /* GEMagicKit.m in Sources */,
				DD610A201271094B003CF804 /* GEMagicResult.m in Sources */,
			);
			runOnlyForDeploymentPostprocessing = 0;
		};
		DDC92A8112618AE90012DE28 /* Sources */ = {
			isa = PBXSourcesBuildPhase;
			buildActionMask = 2147483647;
			files = (
				DDC92B1212618B3D0012DE28 /* readelf.c in Sources */,
				DDC92B1312618B3D0012DE28 /* asprintf.c in Sources */,
				DDC92B1412618B3D0012DE28 /* compress.c in Sources */,
				DDC92B1612618B3D0012DE28 /* file.c in Sources */,
				DDC92B1812618B3D0012DE28 /* strlcpy.c in Sources */,
				DDC92B1B12618B3D0012DE28 /* magic.c in Sources */,
				DDC92B1C12618B3D0012DE28 /* cdf_time.c in Sources */,
				DDC92B1D12618B3D0012DE28 /* strlcat.c in Sources */,
				DDC92B1E12618B3D0012DE28 /* cdf.c in Sources */,
				DDC92B2212618B3D0012DE28 /* softmagic.c in Sources */,
				DDC92B2312618B3D0012DE28 /* print.c in Sources */,
				DDC92B2412618B3D0012DE28 /* encoding.c in Sources */,
				DDC92B2512618B3D0012DE28 /* ascmagic.c in Sources */,
				DDC92B2612618B3D0012DE28 /* apprentice.c in Sources */,
				DDC92B2712618B3D0012DE28 /* apptype.c in Sources */,
				DDC92B2912618B3D0012DE28 /* getopt_long.c in Sources */,
				DDC92B2B12618B3D0012DE28 /* readcdf.c in Sources */,
				DDC92B2D12618B3D0012DE28 /* is_tar.c in Sources */,
				DDC92B2E12618B3D0012DE28 /* vasprintf.c in Sources */,
				DDC92B2F12618B3D0012DE28 /* funcs.c in Sources */,
				DDC92B3012618B3D0012DE28 /* fsmagic.c in Sources */,
				DDC92B7012618E120012DE28 /* GEMagicKit.m in Sources */,
				5F4F51871551FFD300248063 /* GEMagicResult.m in Sources */,
			);
			runOnlyForDeploymentPostprocessing = 0;
		};
/* End PBXSourcesBuildPhase section */

/* Begin PBXTargetDependency section */
		3DCAEFF2162D8BF60036D9BF /* PBXTargetDependency */ = {
			isa = PBXTargetDependency;
			target = 8DC2EF4F0486A6940098B216 /* MagicKit */;
			targetProxy = DDC92C0E12619C430012DE28 /* PBXContainerItemProxy */;
		};
/* End PBXTargetDependency section */

/* Begin PBXVariantGroup section */
		089C1666FE841158C02AAC07 /* InfoPlist.strings */ = {
			isa = PBXVariantGroup;
			children = (
				089C1667FE841158C02AAC07 /* English */,
			);
			name = InfoPlist.strings;
			sourceTree = "<group>";
		};
/* End PBXVariantGroup section */

/* Begin XCBuildConfiguration section */
		1DEB91AE08733DA50010E9CD /* Debug */ = {
			isa = XCBuildConfiguration;
			buildSettings = {
				COPY_PHASE_STRIP = NO;
				DYLIB_COMPATIBILITY_VERSION = 1;
				DYLIB_CURRENT_VERSION = 1;
				FRAMEWORK_VERSION = A;
				GCC_DYNAMIC_NO_PIC = NO;
				GCC_OPTIMIZATION_LEVEL = 0;
				GCC_PRECOMPILE_PREFIX_HEADER = YES;
				GCC_PREFIX_HEADER = MagicKit_Prefix.pch;
				GCC_PREPROCESSOR_DEFINITIONS_NOT_USED_IN_PRECOMPS = "HAVE_CONFIG_H=1";
				INFOPLIST_FILE = Info.plist;
				INSTALL_PATH = "@rpath";
				PRODUCT_NAME = MagicKit;
				SKIP_INSTALL = YES;
				WRAPPER_EXTENSION = framework;
			};
			name = Debug;
		};
		1DEB91AF08733DA50010E9CD /* Release */ = {
			isa = XCBuildConfiguration;
			buildSettings = {
				DEBUG_INFORMATION_FORMAT = "dwarf-with-dsym";
				DYLIB_COMPATIBILITY_VERSION = 1;
				DYLIB_CURRENT_VERSION = 1;
				FRAMEWORK_VERSION = A;
				GCC_PRECOMPILE_PREFIX_HEADER = YES;
				GCC_PREFIX_HEADER = MagicKit_Prefix.pch;
				GCC_PREPROCESSOR_DEFINITIONS_NOT_USED_IN_PRECOMPS = "HAVE_CONFIG_H=1";
				INFOPLIST_FILE = Info.plist;
				INSTALL_PATH = "@rpath";
				PRODUCT_NAME = MagicKit;
				SKIP_INSTALL = YES;
				WRAPPER_EXTENSION = framework;
			};
			name = Release;
		};
		1DEB91B208733DA50010E9CD /* Debug */ = {
			isa = XCBuildConfiguration;
			buildSettings = {
				ARCHS = "$(ARCHS_STANDARD_32_64_BIT)";
				COMBINE_HIDPI_IMAGES = YES;
				GCC_C_LANGUAGE_STANDARD = gnu99;
				GCC_OPTIMIZATION_LEVEL = 0;
				GCC_WARN_ABOUT_RETURN_TYPE = YES;
				GCC_WARN_UNUSED_VARIABLE = YES;
				MACOSX_DEPLOYMENT_TARGET = 10.6;
				ONLY_ACTIVE_ARCH = YES;
			};
			name = Debug;
		};
		1DEB91B308733DA50010E9CD /* Release */ = {
			isa = XCBuildConfiguration;
			buildSettings = {
				ARCHS = "$(ARCHS_STANDARD_32_64_BIT)";
				COMBINE_HIDPI_IMAGES = YES;
				GCC_C_LANGUAGE_STANDARD = gnu99;
				GCC_WARN_ABOUT_RETURN_TYPE = YES;
				GCC_WARN_UNUSED_VARIABLE = YES;
				MACOSX_DEPLOYMENT_TARGET = 10.6;
			};
			name = Release;
		};
		3DCAEFEF162D8BDE0036D9BF /* Debug */ = {
			isa = XCBuildConfiguration;
			buildSettings = {
				ALWAYS_SEARCH_USER_PATHS = NO;
				CLANG_WARN__DUPLICATE_METHOD_MATCH = YES;
				COPY_PHASE_STRIP = NO;
				GCC_DYNAMIC_NO_PIC = NO;
				GCC_ENABLE_OBJC_EXCEPTIONS = YES;
				GCC_PRECOMPILE_PREFIX_HEADER = YES;
				GCC_PREFIX_HEADER = "MagicKitTest/MagicKitTest-Prefix.pch";
				GCC_PREPROCESSOR_DEFINITIONS = (
					"DEBUG=1",
					"$(inherited)",
				);
				GCC_SYMBOLS_PRIVATE_EXTERN = NO;
				GCC_WARN_64_TO_32_BIT_CONVERSION = YES;
				GCC_WARN_UNINITIALIZED_AUTOS = YES;
				LD_RUNPATH_SEARCH_PATHS = "@loader_path/";
				PRODUCT_NAME = "$(TARGET_NAME)";
			};
			name = Debug;
		};
		3DCAEFF0162D8BDE0036D9BF /* Release */ = {
			isa = XCBuildConfiguration;
			buildSettings = {
				ALWAYS_SEARCH_USER_PATHS = NO;
				CLANG_WARN__DUPLICATE_METHOD_MATCH = YES;
				COPY_PHASE_STRIP = YES;
				DEBUG_INFORMATION_FORMAT = "dwarf-with-dsym";
				GCC_ENABLE_OBJC_EXCEPTIONS = YES;
				GCC_PRECOMPILE_PREFIX_HEADER = YES;
				GCC_PREFIX_HEADER = "MagicKitTest/MagicKitTest-Prefix.pch";
				GCC_WARN_64_TO_32_BIT_CONVERSION = YES;
				GCC_WARN_UNINITIALIZED_AUTOS = YES;
				LD_RUNPATH_SEARCH_PATHS = "@loader_path/";
				PRODUCT_NAME = "$(TARGET_NAME)";
			};
			name = Release;
		};
		DDC92A8512618AE90012DE28 /* Debug */ = {
			isa = XCBuildConfiguration;
			buildSettings = {
				ALWAYS_SEARCH_USER_PATHS = YES;
				ARCHS = armv7;
				COPY_PHASE_STRIP = NO;
				GCC_DYNAMIC_NO_PIC = NO;
				GCC_OPTIMIZATION_LEVEL = 0;
				GCC_PREPROCESSOR_DEFINITIONS_NOT_USED_IN_PRECOMPS = "HAVE_CONFIG_H=1";
				PRODUCT_NAME = "MagicKit-iOS";
				SDKROOT = iphoneos;
				TARGETED_DEVICE_FAMILY = "1,2";
			};
			name = Debug;
		};
		DDC92A8612618AE90012DE28 /* Release */ = {
			isa = XCBuildConfiguration;
			buildSettings = {
				ALWAYS_SEARCH_USER_PATHS = YES;
				ARCHS = armv7;
				COPY_PHASE_STRIP = YES;
				DEBUG_INFORMATION_FORMAT = "dwarf-with-dsym";
				GCC_PREPROCESSOR_DEFINITIONS_NOT_USED_IN_PRECOMPS = "HAVE_CONFIG_H=1";
				PRODUCT_NAME = "MagicKit-iOS";
				SDKROOT = iphoneos;
				TARGETED_DEVICE_FAMILY = "1,2";
			};
			name = Release;
		};
/* End XCBuildConfiguration section */

/* Begin XCConfigurationList section */
		1DEB91AD08733DA50010E9CD /* Build configuration list for PBXNativeTarget "MagicKit" */ = {
			isa = XCConfigurationList;
			buildConfigurations = (
				1DEB91AE08733DA50010E9CD /* Debug */,
				1DEB91AF08733DA50010E9CD /* Release */,
			);
			defaultConfigurationIsVisible = 0;
			defaultConfigurationName = Release;
		};
		1DEB91B108733DA50010E9CD /* Build configuration list for PBXProject "MagicKit" */ = {
			isa = XCConfigurationList;
			buildConfigurations = (
				1DEB91B208733DA50010E9CD /* Debug */,
				1DEB91B308733DA50010E9CD /* Release */,
			);
			defaultConfigurationIsVisible = 0;
			defaultConfigurationName = Release;
		};
		3DCAEFEE162D8BDE0036D9BF /* Build configuration list for PBXNativeTarget "MagicKitTest" */ = {
			isa = XCConfigurationList;
			buildConfigurations = (
				3DCAEFEF162D8BDE0036D9BF /* Debug */,
				3DCAEFF0162D8BDE0036D9BF /* Release */,
			);
			defaultConfigurationIsVisible = 0;
			defaultConfigurationName = Release;
		};
		DDC92A8D12618B050012DE28 /* Build configuration list for PBXNativeTarget "MagicKit-iOS" */ = {
			isa = XCConfigurationList;
			buildConfigurations = (
				DDC92A8512618AE90012DE28 /* Debug */,
				DDC92A8612618AE90012DE28 /* Release */,
			);
			defaultConfigurationIsVisible = 0;
			defaultConfigurationName = Release;
		};
/* End XCConfigurationList section */
	};
	rootObject = 0867D690FE84028FC02AAC07 /* Project object */;
}
