<?xml version="1.0" encoding="UTF-8"?>
<Scheme
   LastUpgradeVersion = "0930"
   version = "1.3">
   <BuildAction
      parallelizeBuildables = "YES"
      buildImplicitDependencies = "YES">
      <BuildActionEntries>
         <BuildActionEntry
            buildForTesting = "YES"
            buildForRunning = "YES"
            buildForProfiling = "YES"
            buildForArchiving = "YES"
            buildForAnalyzing = "YES">
            <BuildableReference
               BuildableIdentifier = "primary"
               BlueprintIdentifier = "82D8155D0F1D878700EF8CF5"
               BuildableName = "Build &amp; Install CrabEmu"
               BlueprintName = "Build &amp; Install CrabEmu"
               ReferencedContainer = "container:CrabEmu/CrabEmu.xcodeproj">
            </BuildableReference>
         </BuildActionEntry>
         <BuildActionEntry
            buildForTesting = "YES"
            buildForRunning = "YES"
            buildForProfiling = "YES"
            buildForArchiving = "YES"
            buildForAnalyzing = "YES">
            <BuildableReference
               BuildableIdentifier = "primary"
               BlueprintIdentifier = "82D815920F1D880300EF8CF5"
               BuildableName = "Build &amp; Install Gambatte"
               BlueprintName = "Build &amp; Install Gambatte"
               ReferencedContainer = "container:Gambatte/Gambatte.xcodeproj">
            </BuildableReference>
         </BuildActionEntry>
         <BuildActionEntry
            buildForTesting = "YES"
            buildForRunning = "YES"
            buildForProfiling = "YES"
            buildForArchiving = "YES"
            buildForAnalyzing = "YES">
            <BuildableReference
               BuildableIdentifier = "primary"
               BlueprintIdentifier = "822C193F101EA4AF0034119F"
               BuildableName = "Build &amp; Install GenesisPlus"
               BlueprintName = "Build &amp; Install GenesisPlus"
               ReferencedContainer = "container:GenesisPlus/GenesisPlus.xcodeproj">
            </BuildableReference>
         </BuildActionEntry>
         <BuildActionEntry
            buildForTesting = "YES"
            buildForRunning = "YES"
            buildForProfiling = "YES"
            buildForArchiving = "YES"
            buildForAnalyzing = "YES">
            <BuildableReference
               BuildableIdentifier = "primary"
               BlueprintIdentifier = "82D814E50F1D81BE00EF8CF5"
               BuildableName = "Build &amp; Install Nestopia"
               BlueprintName = "Build &amp; Install Nestopia"
               ReferencedContainer = "container:Nestopia/Nestopia.xcodeproj">
            </BuildableReference>
         </BuildActionEntry>
         <BuildActionEntry
            buildForTesting = "YES"
            buildForRunning = "YES"
            buildForProfiling = "YES"
            buildForArchiving = "YES"
            buildForAnalyzing = "YES">
            <BuildableReference
               BuildableIdentifier = "primary"
               BlueprintIdentifier = "826C1BAA0F42306E00FB9014"
               BuildableName = "Build &amp; Install SNES9x"
               BlueprintName = "Build &amp; Install SNES9x"
               ReferencedContainer = "container:SNES9x/SNES9x.xcodeproj">
            </BuildableReference>
         </BuildActionEntry>
         <BuildActionEntry
            buildForTesting = "YES"
            buildForRunning = "YES"
            buildForProfiling = "YES"
            buildForArchiving = "YES"
            buildForAnalyzing = "YES">
            <BuildableReference
               BuildableIdentifier = "primary"
               BlueprintIdentifier = "82D815AB0F1D882B00EF8CF5"
               BuildableName = "Build &amp; Install FCEU"
               BlueprintName = "Build &amp; Install FCEU"
               ReferencedContainer = "container:FCEU/FCEU.xcodeproj">
            </BuildableReference>
         </BuildActionEntry>
         <BuildActionEntry
            buildForTesting = "YES"
            buildForRunning = "YES"
            buildForProfiling = "YES"
            buildForArchiving = "YES"
            buildForAnalyzing = "YES">
            <BuildableReference
               BuildableIdentifier = "primary"
               BlueprintIdentifier = "82408A730FFDEB3F00F0FE7D"
               BuildableName = "Build &amp; Install Mednafen"
               BlueprintName = "Build &amp; Install Mednafen"
               ReferencedContainer = "container:Mednafen/Mednafen.xcodeproj">
            </BuildableReference>
         </BuildActionEntry>
         <BuildActionEntry
            buildForTesting = "YES"
            buildForRunning = "YES"
            buildForProfiling = "YES"
            buildForArchiving = "YES"
            buildForAnalyzing = "YES">
            <BuildableReference
               BuildableIdentifier = "primary"
               BlueprintIdentifier = "822C193F101EA4AF0034119F"
               BuildableName = "Build &amp; Install Picodrive"
               BlueprintName = "Build &amp; Install Picodrive"
               ReferencedContainer = "container:picodrive/Picodrive.xcodeproj">
            </BuildableReference>
         </BuildActionEntry>
         <BuildActionEntry
            buildForTesting = "YES"
            buildForRunning = "YES"
            buildForProfiling = "YES"
            buildForArchiving = "YES"
            buildForAnalyzing = "YES">
            <BuildableReference
               BuildableIdentifier = "primary"
               BlueprintIdentifier = "8CC8D3BA17A948E000BC796A"
               BuildableName = "Build &amp; Install Higan (Performance)"
               BlueprintName = "Build &amp; Install Higan (Performance)"
               ReferencedContainer = "container:Higan/Higan.xcodeproj">
            </BuildableReference>
         </BuildActionEntry>
         <BuildActionEntry
            buildForTesting = "YES"
            buildForRunning = "YES"
            buildForProfiling = "YES"
            buildForArchiving = "YES"
            buildForAnalyzing = "YES">
            <BuildableReference
               BuildableIdentifier = "primary"
               BlueprintIdentifier = "82D815AB0F1D882B00EF8CF5"
               BuildableName = "Build &amp; Install Stella"
               BlueprintName = "Build &amp; Install Stella"
               ReferencedContainer = "container:Stella/Stella.xcodeproj">
            </BuildableReference>
         </BuildActionEntry>
         <BuildActionEntry
            buildForTesting = "YES"
            buildForRunning = "YES"
            buildForProfiling = "YES"
            buildForArchiving = "YES"
            buildForAnalyzing = "YES">
            <BuildableReference
               BuildableIdentifier = "primary"
               BlueprintIdentifier = "020422D1143410BF00659DB5"
               BuildableName = "Build &amp; Install Atari800"
               BlueprintName = "Build &amp; Install Atari800"
               ReferencedContainer = "container:Atari800/Atari800.xcodeproj">
            </BuildableReference>
         </BuildActionEntry>
         <BuildActionEntry
            buildForTesting = "YES"
            buildForRunning = "YES"
            buildForProfiling = "YES"
            buildForArchiving = "YES"
            buildForAnalyzing = "YES">
            <BuildableReference
               BuildableIdentifier = "primary"
               BlueprintIdentifier = "82D8155D0F1D878700EF8CF5"
               BuildableName = "Build &amp; Install Bliss"
               BlueprintName = "Build &amp; Install Bliss"
               ReferencedContainer = "container:Bliss/Bliss.xcodeproj">
            </BuildableReference>
         </BuildActionEntry>
         <BuildActionEntry
            buildForTesting = "YES"
            buildForRunning = "YES"
            buildForProfiling = "YES"
            buildForArchiving = "YES"
            buildForAnalyzing = "YES">
            <BuildableReference
               BuildableIdentifier = "primary"
               BlueprintIdentifier = "3D2091111183B8E900BEAA42"
               BuildableName = "Build &amp; Install Mupen64Plus"
               BlueprintName = "Build &amp; Install Mupen64Plus"
               ReferencedContainer = "container:Mupen64Plus/Mupen64Plus.xcodeproj">
            </BuildableReference>
         </BuildActionEntry>
         <BuildActionEntry
            buildForTesting = "YES"
            buildForRunning = "YES"
            buildForProfiling = "YES"
            buildForArchiving = "YES"
            buildForAnalyzing = "YES">
            <BuildableReference
               BuildableIdentifier = "primary"
               BlueprintIdentifier = "82D815AB0F1D882B00EF8CF5"
               BuildableName = "Build &amp; Install O2EM"
               BlueprintName = "Build &amp; Install O2EM"
               ReferencedContainer = "container:O2EM/O2EM.xcodeproj">
            </BuildableReference>
         </BuildActionEntry>
         <BuildActionEntry
            buildForTesting = "YES"
            buildForRunning = "YES"
            buildForProfiling = "YES"
            buildForArchiving = "YES"
            buildForAnalyzing = "YES">
            <BuildableReference
               BuildableIdentifier = "primary"
               BlueprintIdentifier = "8CBB42FF178C399D00FA270D"
               BuildableName = "Build &amp; Install PPSSPP"
               BlueprintName = "Build &amp; Install PPSSPP"
               ReferencedContainer = "container:PPSSPP/PPSSPP.xcodeproj">
            </BuildableReference>
         </BuildActionEntry>
         <BuildActionEntry
            buildForTesting = "YES"
            buildForRunning = "YES"
            buildForProfiling = "YES"
            buildForArchiving = "YES"
            buildForAnalyzing = "YES">
            <BuildableReference
               BuildableIdentifier = "primary"
               BlueprintIdentifier = "82D815AB0F1D882B00EF8CF5"
               BuildableName = "Build &amp; Install ProSystem"
               BlueprintName = "Build &amp; Install ProSystem"
               ReferencedContainer = "container:ProSystem/ProSystem.xcodeproj">
            </BuildableReference>
         </BuildActionEntry>
         <BuildActionEntry
            buildForTesting = "YES"
            buildForRunning = "YES"
            buildForProfiling = "YES"
            buildForArchiving = "YES"
            buildForAnalyzing = "YES">
            <BuildableReference
               BuildableIdentifier = "primary"
               BlueprintIdentifier = "986F326616D406EC00BB38E2"
               BuildableName = "Build and Install VecXGL"
               BlueprintName = "Build and Install VecXGL"
               ReferencedContainer = "container:VecXGL/VecXGL.xcodeproj">
            </BuildableReference>
         </BuildActionEntry>
         <BuildActionEntry
            buildForTesting = "YES"
            buildForRunning = "YES"
            buildForProfiling = "YES"
            buildForArchiving = "YES"
            buildForAnalyzing = "YES">
            <BuildableReference
               BuildableIdentifier = "primary"
               BlueprintIdentifier = "82D815AB0F1D882B00EF8CF5"
               BuildableName = "Build &amp; Install mGBA"
               BlueprintName = "Build &amp; Install mGBA"
               ReferencedContainer = "container:mGBA/mGBA.xcodeproj">
            </BuildableReference>
         </BuildActionEntry>
         <BuildActionEntry
            buildForTesting = "YES"
            buildForRunning = "YES"
            buildForProfiling = "YES"
            buildForArchiving = "YES"
            buildForAnalyzing = "YES">
            <BuildableReference
               BuildableIdentifier = "primary"
               BlueprintIdentifier = "8D15AC270486D014006FF6A4"
               BuildableName = "OpenEmu.app"
               BlueprintName = "OpenEmu"
               ReferencedContainer = "container:OpenEmu/OpenEmu.xcodeproj">
            </BuildableReference>
         </BuildActionEntry>
      </BuildActionEntries>
   </BuildAction>
   <TestAction
      buildConfiguration = "Debug"
      selectedDebuggerIdentifier = "Xcode.DebuggerFoundation.Debugger.LLDB"
      selectedLauncherIdentifier = "Xcode.DebuggerFoundation.Launcher.LLDB"
      shouldUseLaunchSchemeArgsEnv = "YES">
      <Testables>
      </Testables>
      <MacroExpansion>
         <BuildableReference
            BuildableIdentifier = "primary"
            BlueprintIdentifier = "8D15AC270486D014006FF6A4"
            BuildableName = "OpenEmu.app"
            BlueprintName = "OpenEmu"
            ReferencedContainer = "container:OpenEmu/OpenEmu.xcodeproj">
         </BuildableReference>
      </MacroExpansion>
      <AdditionalOptions>
      </AdditionalOptions>
   </TestAction>
   <LaunchAction
      buildConfiguration = "Debug"
      selectedDebuggerIdentifier = "Xcode.DebuggerFoundation.Debugger.LLDB"
      selectedLauncherIdentifier = "Xcode.DebuggerFoundation.Launcher.LLDB"
      launchStyle = "0"
      useCustomWorkingDirectory = "NO"
      ignoresPersistentStateOnLaunch = "NO"
      debugDocumentVersioning = "YES"
      debugServiceExtension = "internal"
      allowLocationSimulation = "YES">
      <BuildableProductRunnable
         runnableDebuggingMode = "0">
         <BuildableReference
            BuildableIdentifier = "primary"
            BlueprintIdentifier = "8D15AC270486D014006FF6A4"
            BuildableName = "OpenEmu.app"
            BlueprintName = "OpenEmu"
            ReferencedContainer = "container:OpenEmu/OpenEmu.xcodeproj">
         </BuildableReference>
      </BuildableProductRunnable>
      <AdditionalOptions>
      </AdditionalOptions>
   </LaunchAction>
   <ProfileAction
      buildConfiguration = "Release"
      shouldUseLaunchSchemeArgsEnv = "YES"
      savedToolIdentifier = ""
      useCustomWorkingDirectory = "NO"
      debugDocumentVersioning = "YES">
      <BuildableProductRunnable
         runnableDebuggingMode = "0">
         <BuildableReference
            BuildableIdentifier = "primary"
            BlueprintIdentifier = "8D15AC270486D014006FF6A4"
            BuildableName = "OpenEmu.app"
            BlueprintName = "OpenEmu"
            ReferencedContainer = "container:OpenEmu/OpenEmu.xcodeproj">
         </BuildableReference>
      </BuildableProductRunnable>
   </ProfileAction>
   <AnalyzeAction
      buildConfiguration = "Debug">
   </AnalyzeAction>
   <ArchiveAction
      buildConfiguration = "Release"
      revealArchiveInOrganizer = "YES">
   </ArchiveAction>
</Scheme>
